
Microsoft Visual Studio Solution File, Format Version 12.00
# Visual Studio Version 17
VisualStudioVersion = 17.1.32414.318
MinimumVisualStudioVersion = 10.0.40219.1
Project("{8BC9CEB8-8B4A-11D0-8D11-00A0C91BC942}") = "Cday01", "Cday1\Cday1.vcxproj", "{91496F63-C5CA-4D5A-8654-4CC2590A6297}"
EndProject
Project("{8BC9CEB8-8B4A-11D0-8D11-00A0C91BC942}") = "CAssign", "CAssign\CAssign.vcxproj", "{A9CF9489-F6DC-4CDB-9BC4-F58140B9F12E}"
EndProject
Project("{8BC9CEB8-8B4A-11D0-8D11-00A0C91BC942}") = "Cday02", "Cday02\Cday02.vcxproj", "{A98F7A8D-385E-449F-AE55-BAA7F34AA6D2}"
EndProject
Project("{8BC9CEB8-8B4A-11D0-8D11-00A0C91BC942}") = "Cdialog01", "Cdialog01\Cdialog01.vcxproj", "{4F2A53A6-92D8-4983-8D7E-2F2FE3BC54E3}"
EndProject
Project("{8BC9CEB8-8B4A-11D0-8D11-00A0C91BC942}") = "Cday03", "Cday3\Cday3.vcxproj", "{507E52E8-BB45-455A-A869-B08B2C898AF3}"
EndProject
Project("{8BC9CEB8-8B4A-11D0-8D11-00A0C91BC942}") = "Calculator", "Calculator\Calculator.vcxproj", "{B9898F1A-0E08-497F-95AE-732F825792BA}"
EndProject
Project("{8BC9CEB8-8B4A-11D0-8D11-00A0C91BC942}") = "Cday04", "Cday04\Cday04.vcxproj", "{E8B4B27F-49AD-48A7-A271-0BCD3AF0EF89}"
EndProject
Project("{8BC9CEB8-8B4A-11D0-8D11-00A0C91BC942}") = "Cday05", "Cday05\Cday05.vcxproj", "{0F7E945F-C0C1-45EA-934F-DA433BDCDDDC}"
EndProject
Global
	GlobalSection(SolutionConfigurationPlatforms) = preSolution
		Debug|x64 = Debug|x64
		Debug|x86 = Debug|x86
		Release|x64 = Release|x64
		Release|x86 = Release|x86
	EndGlobalSection
	GlobalSection(ProjectConfigurationPlatforms) = postSolution
		{91496F63-C5CA-4D5A-8654-4CC2590A6297}.Debug|x64.ActiveCfg = Debug|x64
		{91496F63-C5CA-4D5A-8654-4CC2590A6297}.Debug|x64.Build.0 = Debug|x64
		{91496F63-C5CA-4D5A-8654-4CC2590A6297}.Debug|x86.ActiveCfg = Debug|Win32
		{91496F63-C5CA-4D5A-8654-4CC2590A6297}.Debug|x86.Build.0 = Debug|Win32
		{91496F63-C5CA-4D5A-8654-4CC2590A6297}.Release|x64.ActiveCfg = Release|x64
		{91496F63-C5CA-4D5A-8654-4CC2590A6297}.Release|x64.Build.0 = Release|x64
		{91496F63-C5CA-4D5A-8654-4CC2590A6297}.Release|x86.ActiveCfg = Release|Win32
		{91496F63-C5CA-4D5A-8654-4CC2590A6297}.Release|x86.Build.0 = Release|Win32
		{A9CF9489-F6DC-4CDB-9BC4-F58140B9F12E}.Debug|x64.ActiveCfg = Debug|x64
		{A9CF9489-F6DC-4CDB-9BC4-F58140B9F12E}.Debug|x64.Build.0 = Debug|x64
		{A9CF9489-F6DC-4CDB-9BC4-F58140B9F12E}.Debug|x86.ActiveCfg = Debug|Win32
		{A9CF9489-F6DC-4CDB-9BC4-F58140B9F12E}.Debug|x86.Build.0 = Debug|Win32
		{A9CF9489-F6DC-4CDB-9BC4-F58140B9F12E}.Release|x64.ActiveCfg = Release|x64
		{A9CF9489-F6DC-4CDB-9BC4-F58140B9F12E}.Release|x64.Build.0 = Release|x64
		{A9CF9489-F6DC-4CDB-9BC4-F58140B9F12E}.Release|x86.ActiveCfg = Release|Win32
		{A9CF9489-F6DC-4CDB-9BC4-F58140B9F12E}.Release|x86.Build.0 = Release|Win32
		{A98F7A8D-385E-449F-AE55-BAA7F34AA6D2}.Debug|x64.ActiveCfg = Debug|x64
		{A98F7A8D-385E-449F-AE55-BAA7F34AA6D2}.Debug|x64.Build.0 = Debug|x64
		{A98F7A8D-385E-449F-AE55-BAA7F34AA6D2}.Debug|x86.ActiveCfg = Debug|Win32
		{A98F7A8D-385E-449F-AE55-BAA7F34AA6D2}.Debug|x86.Build.0 = Debug|Win32
		{A98F7A8D-385E-449F-AE55-BAA7F34AA6D2}.Release|x64.ActiveCfg = Release|x64
		{A98F7A8D-385E-449F-AE55-BAA7F34AA6D2}.Release|x64.Build.0 = Release|x64
		{A98F7A8D-385E-449F-AE55-BAA7F34AA6D2}.Release|x86.ActiveCfg = Release|Win32
		{A98F7A8D-385E-449F-AE55-BAA7F34AA6D2}.Release|x86.Build.0 = Release|Win32
		{4F2A53A6-92D8-4983-8D7E-2F2FE3BC54E3}.Debug|x64.ActiveCfg = Debug|x64
		{4F2A53A6-92D8-4983-8D7E-2F2FE3BC54E3}.Debug|x64.Build.0 = Debug|x64
		{4F2A53A6-92D8-4983-8D7E-2F2FE3BC54E3}.Debug|x86.ActiveCfg = Debug|Win32
		{4F2A53A6-92D8-4983-8D7E-2F2FE3BC54E3}.Debug|x86.Build.0 = Debug|Win32
		{4F2A53A6-92D8-4983-8D7E-2F2FE3BC54E3}.Release|x64.ActiveCfg = Release|x64
		{4F2A53A6-92D8-4983-8D7E-2F2FE3BC54E3}.Release|x64.Build.0 = Release|x64
		{4F2A53A6-92D8-4983-8D7E-2F2FE3BC54E3}.Release|x86.ActiveCfg = Release|Win32
		{4F2A53A6-92D8-4983-8D7E-2F2FE3BC54E3}.Release|x86.Build.0 = Release|Win32
		{507E52E8-BB45-455A-A869-B08B2C898AF3}.Debug|x64.ActiveCfg = Debug|x64
		{507E52E8-BB45-455A-A869-B08B2C898AF3}.Debug|x64.Build.0 = Debug|x64
		{507E52E8-BB45-455A-A869-B08B2C898AF3}.Debug|x86.ActiveCfg = Debug|Win32
		{507E52E8-BB45-455A-A869-B08B2C898AF3}.Debug|x86.Build.0 = Debug|Win32
		{507E52E8-BB45-455A-A869-B08B2C898AF3}.Release|x64.ActiveCfg = Release|x64
		{507E52E8-BB45-455A-A869-B08B2C898AF3}.Release|x64.Build.0 = Release|x64
		{507E52E8-BB45-455A-A869-B08B2C898AF3}.Release|x86.ActiveCfg = Release|Win32
		{507E52E8-BB45-455A-A869-B08B2C898AF3}.Release|x86.Build.0 = Release|Win32
		{B9898F1A-0E08-497F-95AE-732F825792BA}.Debug|x64.ActiveCfg = Debug|x64
		{B9898F1A-0E08-497F-95AE-732F825792BA}.Debug|x64.Build.0 = Debug|x64
		{B9898F1A-0E08-497F-95AE-732F825792BA}.Debug|x86.ActiveCfg = Debug|Win32
		{B9898F1A-0E08-497F-95AE-732F825792BA}.Debug|x86.Build.0 = Debug|Win32
		{B9898F1A-0E08-497F-95AE-732F825792BA}.Release|x64.ActiveCfg = Release|x64
		{B9898F1A-0E08-497F-95AE-732F825792BA}.Release|x64.Build.0 = Release|x64
		{B9898F1A-0E08-497F-95AE-732F825792BA}.Release|x86.ActiveCfg = Release|Win32
		{B9898F1A-0E08-497F-95AE-732F825792BA}.Release|x86.Build.0 = Release|Win32
		{E8B4B27F-49AD-48A7-A271-0BCD3AF0EF89}.Debug|x64.ActiveCfg = Debug|x64
		{E8B4B27F-49AD-48A7-A271-0BCD3AF0EF89}.Debug|x64.Build.0 = Debug|x64
		{E8B4B27F-49AD-48A7-A271-0BCD3AF0EF89}.Debug|x86.ActiveCfg = Debug|Win32
		{E8B4B27F-49AD-48A7-A271-0BCD3AF0EF89}.Debug|x86.Build.0 = Debug|Win32
		{E8B4B27F-49AD-48A7-A271-0BCD3AF0EF89}.Release|x64.ActiveCfg = Release|x64
		{E8B4B27F-49AD-48A7-A271-0BCD3AF0EF89}.Release|x64.Build.0 = Release|x64
		{E8B4B27F-49AD-48A7-A271-0BCD3AF0EF89}.Release|x86.ActiveCfg = Release|Win32
		{E8B4B27F-49AD-48A7-A271-0BCD3AF0EF89}.Release|x86.Build.0 = Release|Win32
		{0F7E945F-C0C1-45EA-934F-DA433BDCDDDC}.Debug|x64.ActiveCfg = Debug|x64
		{0F7E945F-C0C1-45EA-934F-DA433BDCDDDC}.Debug|x64.Build.0 = Debug|x64
		{0F7E945F-C0C1-45EA-934F-DA433BDCDDDC}.Debug|x86.ActiveCfg = Debug|Win32
		{0F7E945F-C0C1-45EA-934F-DA433BDCDDDC}.Debug|x86.Build.0 = Debug|Win32
		{0F7E945F-C0C1-45EA-934F-DA433BDCDDDC}.Release|x64.ActiveCfg = Release|x64
		{0F7E945F-C0C1-45EA-934F-DA433BDCDDDC}.Release|x64.Build.0 = Release|x64
		{0F7E945F-C0C1-45EA-934F-DA433BDCDDDC}.Release|x86.ActiveCfg = Release|Win32
		{0F7E945F-C0C1-45EA-934F-DA433BDCDDDC}.Release|x86.Build.0 = Release|Win32
	EndGlobalSection
	GlobalSection(SolutionProperties) = preSolution
		HideSolutionNode = FALSE
	EndGlobalSection
	GlobalSection(ExtensibilityGlobals) = postSolution
		SolutionGuid = {8FA88AA4-D14D-47FF-8DD3-D0B3742B2C72}
	EndGlobalSection
EndGlobal
